
Microsoft Visual Studio Solution File, Format Version 12.00
# Visual Studio Version 16
VisualStudioVersion = 16.0.31515.178
MinimumVisualStudioVersion = 10.0.40219.1
Project("{2150E333-8FDC-42A3-9474-1A3956D46DE8}") = "Services", "Services", "{062731AE-FD0C-4516-A8C5-CC27F4D8FD95}"
EndProject
Project("{9A19103F-16F7-4668-BE54-9A1E7A4F7556}") = "CardService", "Services\CardService\CardService.csproj", "{769CEDBF-C734-42B3-A713-82670235CD7C}"
EndProject
Project("{9A19103F-16F7-4668-BE54-9A1E7A4F7556}") = "TransactionService", "Services\TransactionService\TransactionService.csproj", "{59299EDB-216F-42ED-B788-E662ABF3A979}"
EndProject
Project("{9A19103F-16F7-4668-BE54-9A1E7A4F7556}") = "PaymentService", "Services\PaymentService\PaymentService.csproj", "{048A1A11-8BC0-45AC-9575-97034C7C7BF3}"
EndProject
Project("{2150E333-8FDC-42A3-9474-1A3956D46DE8}") = "Domains", "Domains", "{688BD6A0-92C8-4540-BA18-96CF4D7852C8}"
EndProject
Project("{9A19103F-16F7-4668-BE54-9A1E7A4F7556}") = "Domain.Common", "Domains\Domain.Common\Domain.Common.csproj", "{517844C6-1942-4113-8686-51ADC5BD7FEA}"
EndProject
Project("{2150E333-8FDC-42A3-9474-1A3956D46DE8}") = "Apis", "Apis", "{73DFEBF0-2C9C-46A8-A090-C7ED901D2756}"
EndProject
Project("{9A19103F-16F7-4668-BE54-9A1E7A4F7556}") = "PaymentGateway.API", "Apis\PaymentGateway.API\PaymentGateway.API.csproj", "{082310EB-E683-4223-9BC9-D40DB2FD7BB3}"
EndProject
Project("{9A19103F-16F7-4668-BE54-9A1E7A4F7556}") = "PaymentGateway.BankSimulator", "Apis\PaymentGateway.BankSimulator\PaymentGateway.BankSimulator.csproj", "{5968103A-8E1A-4C8E-8E4E-3FE2B2567AE2}"
EndProject
Project("{2150E333-8FDC-42A3-9474-1A3956D46DE8}") = "Shared", "Shared", "{2AD3EBC8-5934-47BC-9475-4438C8A185A2}"
EndProject
Project("{9A19103F-16F7-4668-BE54-9A1E7A4F7556}") = "SharedExtensions", "Shared\SharedExtensions\SharedExtensions.csproj", "{8C510DDF-636F-4C16-804A-4456B0CD51F1}"
EndProject
Project("{2150E333-8FDC-42A3-9474-1A3956D46DE8}") = "Tests", "Tests", "{A645EBF4-8975-44C0-9422-E3D6B9B257D5}"
EndProject
Project("{9A19103F-16F7-4668-BE54-9A1E7A4F7556}") = "CardService.Tests", "Tests\CardService.Tests\CardService.Tests.csproj", "{CFB1EB67-304C-43AB-B4C6-9C1DA900E898}"
EndProject
Project("{9A19103F-16F7-4668-BE54-9A1E7A4F7556}") = "TransactionService.Tests", "Tests\TransactionService.Tests\TransactionService.Tests.csproj", "{4CF04DF3-41DC-437A-8FA9-BEF429E4A430}"
EndProject
Project("{9A19103F-16F7-4668-BE54-9A1E7A4F7556}") = "PaymentService.Tests", "Tests\PaymentService.Tests\PaymentService.Tests.csproj", "{4953C3AC-ACB3-487F-94B7-D75AF8F07F4C}"
EndProject
Project("{9A19103F-16F7-4668-BE54-9A1E7A4F7556}") = "PaymentGateway.API.Tests", "Tests\PaymentGateway.API.Tests\PaymentGateway.API.Tests.csproj", "{C16EDE3D-7D34-4D31-896C-A9006E0889A2}"
EndProject
Project("{FAE04EC0-301F-11D3-BF4B-00C04F79EFBC}") = "SharedExtensions.Tests", "Tests\SharedExtensions.Tests\SharedExtensions.Tests.csproj", "{18065C4A-B2C7-48C2-A820-B517B3B0C2D6}"
EndProject
Project("{FAE04EC0-301F-11D3-BF4B-00C04F79EFBC}") = "Domain.CommonTests", "Tests\Domain.CommonTests\Domain.CommonTests.csproj", "{A2631918-2766-4820-B679-32FDFD777F43}"
EndProject
Global
	GlobalSection(SolutionConfigurationPlatforms) = preSolution
		Debug|Any CPU = Debug|Any CPU
		Release|Any CPU = Release|Any CPU
	EndGlobalSection
	GlobalSection(ProjectConfigurationPlatforms) = postSolution
		{769CEDBF-C734-42B3-A713-82670235CD7C}.Debug|Any CPU.ActiveCfg = Debug|Any CPU
		{769CEDBF-C734-42B3-A713-82670235CD7C}.Debug|Any CPU.Build.0 = Debug|Any CPU
		{769CEDBF-C734-42B3-A713-82670235CD7C}.Release|Any CPU.ActiveCfg = Release|Any CPU
		{769CEDBF-C734-42B3-A713-82670235CD7C}.Release|Any CPU.Build.0 = Release|Any CPU
		{59299EDB-216F-42ED-B788-E662ABF3A979}.Debug|Any CPU.ActiveCfg = Debug|Any CPU
		{59299EDB-216F-42ED-B788-E662ABF3A979}.Debug|Any CPU.Build.0 = Debug|Any CPU
		{59299EDB-216F-42ED-B788-E662ABF3A979}.Release|Any CPU.ActiveCfg = Release|Any CPU
		{59299EDB-216F-42ED-B788-E662ABF3A979}.Release|Any CPU.Build.0 = Release|Any CPU
		{048A1A11-8BC0-45AC-9575-97034C7C7BF3}.Debug|Any CPU.ActiveCfg = Debug|Any CPU
		{048A1A11-8BC0-45AC-9575-97034C7C7BF3}.Debug|Any CPU.Build.0 = Debug|Any CPU
		{048A1A11-8BC0-45AC-9575-97034C7C7BF3}.Release|Any CPU.ActiveCfg = Release|Any CPU
		{048A1A11-8BC0-45AC-9575-97034C7C7BF3}.Release|Any CPU.Build.0 = Release|Any CPU
		{517844C6-1942-4113-8686-51ADC5BD7FEA}.Debug|Any CPU.ActiveCfg = Debug|Any CPU
		{517844C6-1942-4113-8686-51ADC5BD7FEA}.Debug|Any CPU.Build.0 = Debug|Any CPU
		{517844C6-1942-4113-8686-51ADC5BD7FEA}.Release|Any CPU.ActiveCfg = Release|Any CPU
		{517844C6-1942-4113-8686-51ADC5BD7FEA}.Release|Any CPU.Build.0 = Release|Any CPU
		{082310EB-E683-4223-9BC9-D40DB2FD7BB3}.Debug|Any CPU.ActiveCfg = Debug|Any CPU
		{082310EB-E683-4223-9BC9-D40DB2FD7BB3}.Debug|Any CPU.Build.0 = Debug|Any CPU
		{082310EB-E683-4223-9BC9-D40DB2FD7BB3}.Release|Any CPU.ActiveCfg = Release|Any CPU
		{082310EB-E683-4223-9BC9-D40DB2FD7BB3}.Release|Any CPU.Build.0 = Release|Any CPU
		{5968103A-8E1A-4C8E-8E4E-3FE2B2567AE2}.Debug|Any CPU.ActiveCfg = Debug|Any CPU
		{5968103A-8E1A-4C8E-8E4E-3FE2B2567AE2}.Debug|Any CPU.Build.0 = Debug|Any CPU
		{5968103A-8E1A-4C8E-8E4E-3FE2B2567AE2}.Release|Any CPU.ActiveCfg = Release|Any CPU
		{5968103A-8E1A-4C8E-8E4E-3FE2B2567AE2}.Release|Any CPU.Build.0 = Release|Any CPU
		{8C510DDF-636F-4C16-804A-4456B0CD51F1}.Debug|Any CPU.ActiveCfg = Debug|Any CPU
		{8C510DDF-636F-4C16-804A-4456B0CD51F1}.Debug|Any CPU.Build.0 = Debug|Any CPU
		{8C510DDF-636F-4C16-804A-4456B0CD51F1}.Release|Any CPU.ActiveCfg = Release|Any CPU
		{8C510DDF-636F-4C16-804A-4456B0CD51F1}.Release|Any CPU.Build.0 = Release|Any CPU
		{CFB1EB67-304C-43AB-B4C6-9C1DA900E898}.Debug|Any CPU.ActiveCfg = Debug|Any CPU
		{CFB1EB67-304C-43AB-B4C6-9C1DA900E898}.Debug|Any CPU.Build.0 = Debug|Any CPU
		{CFB1EB67-304C-43AB-B4C6-9C1DA900E898}.Release|Any CPU.ActiveCfg = Release|Any CPU
		{CFB1EB67-304C-43AB-B4C6-9C1DA900E898}.Release|Any CPU.Build.0 = Release|Any CPU
		{4CF04DF3-41DC-437A-8FA9-BEF429E4A430}.Debug|Any CPU.ActiveCfg = Debug|Any CPU
		{4CF04DF3-41DC-437A-8FA9-BEF429E4A430}.Debug|Any CPU.Build.0 = Debug|Any CPU
		{4CF04DF3-41DC-437A-8FA9-BEF429E4A430}.Release|Any CPU.ActiveCfg = Release|Any CPU
		{4CF04DF3-41DC-437A-8FA9-BEF429E4A430}.Release|Any CPU.Build.0 = Release|Any CPU
		{4953C3AC-ACB3-487F-94B7-D75AF8F07F4C}.Debug|Any CPU.ActiveCfg = Debug|Any CPU
		{4953C3AC-ACB3-487F-94B7-D75AF8F07F4C}.Debug|Any CPU.Build.0 = Debug|Any CPU
		{4953C3AC-ACB3-487F-94B7-D75AF8F07F4C}.Release|Any CPU.ActiveCfg = Release|Any CPU
		{4953C3AC-ACB3-487F-94B7-D75AF8F07F4C}.Release|Any CPU.Build.0 = Release|Any CPU
		{C16EDE3D-7D34-4D31-896C-A9006E0889A2}.Debug|Any CPU.ActiveCfg = Debug|Any CPU
		{C16EDE3D-7D34-4D31-896C-A9006E0889A2}.Debug|Any CPU.Build.0 = Debug|Any CPU
		{C16EDE3D-7D34-4D31-896C-A9006E0889A2}.Release|Any CPU.ActiveCfg = Release|Any CPU
		{C16EDE3D-7D34-4D31-896C-A9006E0889A2}.Release|Any CPU.Build.0 = Release|Any CPU
		{18065C4A-B2C7-48C2-A820-B517B3B0C2D6}.Debug|Any CPU.ActiveCfg = Debug|Any CPU
		{18065C4A-B2C7-48C2-A820-B517B3B0C2D6}.Debug|Any CPU.Build.0 = Debug|Any CPU
		{18065C4A-B2C7-48C2-A820-B517B3B0C2D6}.Release|Any CPU.ActiveCfg = Release|Any CPU
		{18065C4A-B2C7-48C2-A820-B517B3B0C2D6}.Release|Any CPU.Build.0 = Release|Any CPU
		{A2631918-2766-4820-B679-32FDFD777F43}.Debug|Any CPU.ActiveCfg = Debug|Any CPU
		{A2631918-2766-4820-B679-32FDFD777F43}.Debug|Any CPU.Build.0 = Debug|Any CPU
		{A2631918-2766-4820-B679-32FDFD777F43}.Release|Any CPU.ActiveCfg = Release|Any CPU
		{A2631918-2766-4820-B679-32FDFD777F43}.Release|Any CPU.Build.0 = Release|Any CPU
	EndGlobalSection
	GlobalSection(SolutionProperties) = preSolution
		HideSolutionNode = FALSE
	EndGlobalSection
	GlobalSection(NestedProjects) = preSolution
		{769CEDBF-C734-42B3-A713-82670235CD7C} = {062731AE-FD0C-4516-A8C5-CC27F4D8FD95}
		{59299EDB-216F-42ED-B788-E662ABF3A979} = {062731AE-FD0C-4516-A8C5-CC27F4D8FD95}
		{048A1A11-8BC0-45AC-9575-97034C7C7BF3} = {062731AE-FD0C-4516-A8C5-CC27F4D8FD95}
		{517844C6-1942-4113-8686-51ADC5BD7FEA} = {688BD6A0-92C8-4540-BA18-96CF4D7852C8}
		{082310EB-E683-4223-9BC9-D40DB2FD7BB3} = {73DFEBF0-2C9C-46A8-A090-C7ED901D2756}
		{5968103A-8E1A-4C8E-8E4E-3FE2B2567AE2} = {73DFEBF0-2C9C-46A8-A090-C7ED901D2756}
		{8C510DDF-636F-4C16-804A-4456B0CD51F1} = {2AD3EBC8-5934-47BC-9475-4438C8A185A2}
		{CFB1EB67-304C-43AB-B4C6-9C1DA900E898} = {A645EBF4-8975-44C0-9422-E3D6B9B257D5}
		{4CF04DF3-41DC-437A-8FA9-BEF429E4A430} = {A645EBF4-8975-44C0-9422-E3D6B9B257D5}
		{4953C3AC-ACB3-487F-94B7-D75AF8F07F4C} = {A645EBF4-8975-44C0-9422-E3D6B9B257D5}
		{C16EDE3D-7D34-4D31-896C-A9006E0889A2} = {A645EBF4-8975-44C0-9422-E3D6B9B257D5}
		{18065C4A-B2C7-48C2-A820-B517B3B0C2D6} = {A645EBF4-8975-44C0-9422-E3D6B9B257D5}
		{A2631918-2766-4820-B679-32FDFD777F43} = {A645EBF4-8975-44C0-9422-E3D6B9B257D5}
	EndGlobalSection
	GlobalSection(ExtensibilityGlobals) = postSolution
		SolutionGuid = {222E642B-0AB5-4FAC-BD2F-B3A5EA88AF3E}
	EndGlobalSection
EndGlobal
